commit	9b28746811cf7fff3dffd44f0b6d21391b1528b9	sakshi	https://github.com/MacCracken/sakshi.git	2.4.3
d9f3b17ddbbe1bba48917c3a679807b01c39c4a1ce776efdbdfbb7a1680e86e4  lib/tagged.cyr
d0e618655388c9d43c9927a9f5b306e61cb333546abc166f4f280a25993624f5  lib/net.cyr
d7a14f337a9e8c67ac95023cddf58614a21d8aacd2eb1736da798843ccf0deba  lib/syscalls_macos.cyr
c3d7a9d8c6d9f65e1c40c8aafed02fabfecb616ba583384e5582ff0f5906f54d  lib/bayan.cyr
1f37b1a26c04b67b76191282bde9f4a2b3129286afaa9671f603e89f95be1006  lib/mmap.cyr
f13dde26ce0a3509dec70fe0d0965ec784dfda55a9f54730eb1762a8c7f1fc96  lib/dynlib.cyr
8a3e4378e75eefbf7e6d8d098449dbe909f9b9b80a2a72624adb250eb4335c09  lib/str.cyr
fb7a0703e81b5f7dc6af4b90a6fc0b2fc3b0f1fb942f73611f13fe627d73cc93  lib/fdlopen.cyr
15cfae186336b82046c1786c71befa1050722fedab3d91824c35703aa4bb9b85  lib/alloc_agnos.cyr
b8be5f1e2e0bf87b032ab30d4869c723054bc4691b2550d4b94c61fc9f65fe08  lib/async.cyr
e07e2b7c06bd87385daa95b98047979c85e542306b40f590d06d38f36c76fcdf  lib/thread_agnos.cyr
ef04e8a97cb8519ba99fc80aaf8c49e7475f15eb1d924b900e6222ee34c5058f  lib/alloc_macos.cyr
acbf37e24af05cfdd043733db630f2f4ab0a2b5bd984c111c381e271184329f1  lib/hashmap_fast.cyr
c7b3bf5beebddc082d4fa643a7113deaf26d0fd80dd5cd70ba0e3c21671107d0  lib/fs_win.cyr
d5877d16113051fb95dae31717efc679c94b17a34667805b56e52a345bc48f8f  lib/freelist.cyr
8d9395d808648f3112e268086ea2f31e6b2248977b5c3d5fe9ac411c3f3edfb0  lib/sakshi.cyr
096eabc580c807f3e378fbe56058780a28cdf95b9c70b44672bca0a71cf969f6  lib/ct.cyr
7b045871f231519e65f28a4b7abfbae6dd8e586ce03053fd367b3a119e8303c9  lib/atomic.cyr
ff14f0d7999956754937f612c0aa60719c138f0967a81019cf99e08aae088087  lib/string.cyr
27775baa47ce93c372677e36c40cd4761433e724fbecb75c491b5c52d71e8b91  lib/process.cyr
0d1dc162866327cdea376c2177090cfdfc4779227c15d2da0d04fffc058e738d  lib/alloc.cyr
c60b59e0c4cce59dc42fd0097188d7b76cdef39328a6f3873b31f121f0876705  lib/sigil.cyr
a919dcd91c8a6e572dd22fa52075abb00efa7981ea8d463aa20aa9d1baa9b560  lib/sandhi.cyr
e1a1fc06a604cf14c5bd2b5d21dec1e459897f3a8dceb03bcc66de6d178c01a2  lib/syscalls_x86_64_linux.cyr
ad70f9ddb221959effa7a6533444894049b57eeafce62d599e2d3190bdd673d5  lib/syscalls_x86_64_agnos.cyr
150bb9efad587ae139d8df81d62c7578c8ab20d3c6964004908929657b597c12  lib/fmt.cyr
bc0de2ed93e4f0fa1ca2295678929caa75204413af4b2f2d77a5ce82886874ff  lib/tls.cyr
84611780a6809901b0e76fd2debb7bd089df8fb290901814bc06a38585eca359  lib/assert.cyr
c183908dd1904c574ac20960428b4c4f63a36fb4d18a76895d5f34ca0cfc99ca  lib/tls_native.cyr
2d4e4d3c902703abe307a598e3368da133daac9dbb7dde208461959d203e3caf  lib/chrono.cyr
dd083116c877c777f44f0d9e754dde477f6f42e99d5399fdc9e15ae4cf6fb06f  lib/tls_native_lowlevel.cyr
861dedc4d9c07fcf1e431551e469890953a1b02e321354585742c1ed281a9fcf  lib/syscalls.cyr
c84a1f596bcf2c7ac5c364bf49f06809834a8dd69ed6ebb03fcb2e4cfbea124a  lib/thread_local.cyr
bd63b07681c88830f82749303a490ed557df70999b60184a8f7b811f15735823  lib/tls_native_keysched.cyr
0230ab283eee5e5da862775815ac68e0eaf97cbf684d960c0158856939c00a9c  lib/alloc_windows.cyr
c882b87d1dc16dbf64a811ff83921869f794eb21a048b302e572d0d168d7ee98  lib/thread_win.cyr
01586c1a1affb26962861a28c7c2e8b39693e1074ee0dada4ae03979049f24e1  lib/thread.cyr
03b00c6f58f54f690505d94bc6d173c0e4ec64e709288f43939fbc7f756847ce  lib/process_agnos.cyr
f6563cc78843147905c8a7e957da1d182d696a371ba392347d1e1522f42a993c  lib/syscalls_aarch64_linux.cyr
8af62caaa9cdd96bca338a5587526a275a0e36dbfc33066febf81498321f9bb1  lib/bench.cyr
aea2383e6fd828de155879b55ab954732f0e45eb6febaebdc03650e952c4d093  lib/async_agnos.cyr
543be460c6d2a9922e47f4dafb4fae981802f74827b935d4ec9dadb35870cb43  lib/keccak.cyr
19bcb006802c5d158ce1b9e0090a07da7e4d1092236f9850c61ebcbf294021c4  lib/vec.cyr
6a987c9bd5278a0e0895ea8a97ad502db7b59d670537676d42eba22241d168bd  lib/fs.cyr
34460df54170e0cc60ec3cd78c221f14bfab015e3f6b48e966178ae854f65084  lib/io.cyr
724cb440922e89ff60c76eba23670eeee53b9d1f3ffdde31ebe2e2f9badda9ed  lib/slice.cyr
1fe386009b4001573c4111d1852468db6215e8223ef637ecb85881fbe56f1153  lib/tls_native_hs12.cyr
9fd6444e8cfcf7950837e955473adc5bab6d7bf4fa2c15f8ce2578360c4100eb  lib/hashmap.cyr
1cdc1b90422f3eba341630badab05ad22af32f747d65a4098d4703081da996cb  lib/fnptr.cyr
235cbeebc6e773d9be3f429cad78dc9954b35e2dde4f40349fe14951a4c46992  lib/kavach.cyr
8bbcb23edfd05adf4c9efe22c9a24f5beefaf43d02bdd50c9eac3ed183bc9967  lib/syscalls_windows.cyr
38750346c6b2b97445c25aa3cc85df572379209d86c260499518fdeb3897ccb6  lib/tls_native_hs13.cyr
de4598e4862fdc8d02195688b9aacc91e888d5f6b85d9fac08f4b7af9daaca19  lib/random.cyr
15d2527da5f533b0a96bdc5c10cb894836f1c95f4b9d88342a6ce9dc4f61acc8  lib/tls_native_conn.cyr
adc7a17efb71a262cf322ca99050ff28d364b4c8117f1512fac384c3c2aae81d  lib/syscalls_linux_common.cyr
31d19d90fee304c2788582abac596e1a7d06fb376800c70343b6492b6226cd26  lib/process_win.cyr
cd68fef4b0c27bf7f66f5751c5ffc230e36245cfd951d2d22b455b254dd4272a  lib/tls_native_ctx.cyr
bf99f1f02ef990694c35be2f27fdaf3ec06ee9c3a546f4c8f9e06970f90fb9c1  lib/result.cyr
